
Microsoft Visual Studio Solution File, Format Version 12.00
# Visual Studio 15
VisualStudioVersion = 15.0.27130.2036
MinimumVisualStudioVersion = 10.0.40219.1
Project("{FAE04EC0-301F-11D3-BF4B-00C04F79EFBC}") = "GrammatikLaxen", "GrammatikLaxen\GrammatikLaxen.csproj", "{F76A0E0A-5101-4AA8-B93A-C6AE6A332357}"
EndProject
Global
	GlobalSection(SolutionConfigurationPlatforms) = preSolution
		Debug|Any CPU = Debug|Any CPU
		Release|Any CPU = Release|Any CPU
	EndGlobalSection
	GlobalSection(ProjectConfigurationPlatforms) = postSolution
		{F76A0E0A-5101-4AA8-B93A-C6AE6A332357}.Debug|Any CPU.ActiveCfg = Debug|Any CPU
		{F76A0E0A-5101-4AA8-B93A-C6AE6A332357}.Debug|Any CPU.Build.0 = Debug|Any CPU
		{F76A0E0A-5101-4AA8-B93A-C6AE6A332357}.Release|Any CPU.ActiveCfg = Release|Any CPU
		{F76A0E0A-5101-4AA8-B93A-C6AE6A332357}.Release|Any CPU.Build.0 = Release|Any CPU
	EndGlobalSection
	GlobalSection(SolutionProperties) = preSolution
		HideSolutionNode = FALSE
	EndGlobalSection
	GlobalSection(ExtensibilityGlobals) = postSolution
		SolutionGuid = {691D4369-C349-439B-9EDD-9320AF7FCB02}
	EndGlobalSection
EndGlobal
